
Microsoft Visual Studio Solution File, Format Version 12.00
# Visual Studio 15
VisualStudioVersion = 15.0.28307.572
MinimumVisualStudioVersion = 10.0.40219.1
Project("{FAE04EC0-301F-11D3-BF4B-00C04F79EFBC}") = "ForeignExchange.Android", "ForeignExchange\ForeignExchange.Android\ForeignExchange.Android.csproj", "{F8971DBF-4C1F-48B3-83A0-1D69F0F5B172}"
EndProject
Project("{FAE04EC0-301F-11D3-BF4B-00C04F79EFBC}") = "ForeignExchange.iOS", "ForeignExchange\ForeignExchange.iOS\ForeignExchange.iOS.csproj", "{A9435936-303D-42B3-B0F3-7545D2388C1B}"
EndProject
Project("{FAE04EC0-301F-11D3-BF4B-00C04F79EFBC}") = "ForeignExchange.UWP", "ForeignExchange\ForeignExchange.UWP\ForeignExchange.UWP.csproj", "{FD4D1A57-1D68-45BA-A3BA-D1C78B7695DB}"
EndProject
Project("{FAE04EC0-301F-11D3-BF4B-00C04F79EFBC}") = "ForeignExchange", "ForeignExchange\ForeignExchange\ForeignExchange.csproj", "{62235921-5F53-4D95-A015-E034E8680AEF}"
EndProject
Global
	GlobalSection(SolutionConfigurationPlatforms) = preSolution
		Ad-Hoc|Any CPU = Ad-Hoc|Any CPU
		Ad-Hoc|ARM = Ad-Hoc|ARM
		Ad-Hoc|iPhone = Ad-Hoc|iPhone
		Ad-Hoc|iPhoneSimulator = Ad-Hoc|iPhoneSimulator
		Ad-Hoc|x64 = Ad-Hoc|x64
		Ad-Hoc|x86 = Ad-Hoc|x86
		AppStore|Any CPU = AppStore|Any CPU
		AppStore|ARM = AppStore|ARM
		AppStore|iPhone = AppStore|iPhone
		AppStore|iPhoneSimulator = AppStore|iPhoneSimulator
		AppStore|x64 = AppStore|x64
		AppStore|x86 = AppStore|x86
		Debug|Any CPU = Debug|Any CPU
		Debug|ARM = Debug|ARM
		Debug|iPhone = Debug|iPhone
		Debug|iPhoneSimulator = Debug|iPhoneSimulator
		Debug|x64 = Debug|x64
		Debug|x86 = Debug|x86
		Release|Any CPU = Release|Any CPU
		Release|ARM = Release|ARM
		Release|iPhone = Release|iPhone
		Release|iPhoneSimulator = Release|iPhoneSimulator
		Release|x64 = Release|x64
		Release|x86 = Release|x86
	EndGlobalSection
	GlobalSection(ProjectConfigurationPlatforms) = postSolution
		{F8971DBF-4C1F-48B3-83A0-1D69F0F5B172}.Ad-Hoc|Any CPU.ActiveCfg = Release|Any CPU
		{F8971DBF-4C1F-48B3-83A0-1D69F0F5B172}.Ad-Hoc|Any CPU.Build.0 = Release|Any CPU
		{F8971DBF-4C1F-48B3-83A0-1D69F0F5B172}.Ad-Hoc|Any CPU.Deploy.0 = Release|Any CPU
		{F8971DBF-4C1F-48B3-83A0-1D69F0F5B172}.Ad-Hoc|ARM.ActiveCfg = Release|Any CPU
		{F8971DBF-4C1F-48B3-83A0-1D69F0F5B172}.Ad-Hoc|ARM.Build.0 = Release|Any CPU
		{F8971DBF-4C1F-48B3-83A0-1D69F0F5B172}.Ad-Hoc|ARM.Deploy.0 = Release|Any CPU
		{F8971DBF-4C1F-48B3-83A0-1D69F0F5B172}.Ad-Hoc|iPhone.ActiveCfg = Release|Any CPU
		{F8971DBF-4C1F-48B3-83A0-1D69F0F5B172}.Ad-Hoc|iPhone.Build.0 = Release|Any CPU
		{F8971DBF-4C1F-48B3-83A0-1D69F0F5B172}.Ad-Hoc|iPhone.Deploy.0 = Release|Any CPU
		{F8971DBF-4C1F-48B3-83A0-1D69F0F5B172}.Ad-Hoc|iPhoneSimulator.ActiveCfg = Release|Any CPU
		{F8971DBF-4C1F-48B3-83A0-1D69F0F5B172}.Ad-Hoc|iPhoneSimulator.Build.0 = Release|Any CPU
		{F8971DBF-4C1F-48B3-83A0-1D69F0F5B172}.Ad-Hoc|iPhoneSimulator.Deploy.0 = Release|Any CPU
		{F8971DBF-4C1F-48B3-83A0-1D69F0F5B172}.Ad-Hoc|x64.ActiveCfg = Release|Any CPU
		{F8971DBF-4C1F-48B3-83A0-1D69F0F5B172}.Ad-Hoc|x64.Build.0 = Release|Any CPU
		{F8971DBF-4C1F-48B3-83A0-1D69F0F5B172}.Ad-Hoc|x64.Deploy.0 = Release|Any CPU
		{F8971DBF-4C1F-48B3-83A0-1D69F0F5B172}.Ad-Hoc|x86.ActiveCfg = Release|Any CPU
		{F8971DBF-4C1F-48B3-83A0-1D69F0F5B172}.Ad-Hoc|x86.Build.0 = Release|Any CPU
		{F8971DBF-4C1F-48B3-83A0-1D69F0F5B172}.Ad-Hoc|x86.Deploy.0 = Release|Any CPU
		{F8971DBF-4C1F-48B3-83A0-1D69F0F5B172}.AppStore|Any CPU.ActiveCfg = Release|Any CPU
		{F8971DBF-4C1F-48B3-83A0-1D69F0F5B172}.AppStore|Any CPU.Build.0 = Release|Any CPU
		{F8971DBF-4C1F-48B3-83A0-1D69F0F5B172}.AppStore|Any CPU.Deploy.0 = Release|Any CPU
		{F8971DBF-4C1F-48B3-83A0-1D69F0F5B172}.AppStore|ARM.ActiveCfg = Release|Any CPU
		{F8971DBF-4C1F-48B3-83A0-1D69F0F5B172}.AppStore|ARM.Build.0 = Release|Any CPU
		{F8971DBF-4C1F-48B3-83A0-1D69F0F5B172}.AppStore|ARM.Deploy.0 = Release|Any CPU
		{F8971DBF-4C1F-48B3-83A0-1D69F0F5B172}.AppStore|iPhone.ActiveCfg = Release|Any CPU
		{F8971DBF-4C1F-48B3-83A0-1D69F0F5B172}.AppStore|iPhone.Build.0 = Release|Any CPU
		{F8971DBF-4C1F-48B3-83A0-1D69F0F5B172}.AppStore|iPhone.Deploy.0 = Release|Any CPU
		{F8971DBF-4C1F-48B3-83A0-1D69F0F5B172}.AppStore|iPhoneSimulator.ActiveCfg = Release|Any CPU
		{F8971DBF-4C1F-48B3-83A0-1D69F0F5B172}.AppStore|iPhoneSimulator.Build.0 = Release|Any CPU
		{F8971DBF-4C1F-48B3-83A0-1D69F0F5B172}.AppStore|iPhoneSimulator.Deploy.0 = Release|Any CPU
		{F8971DBF-4C1F-48B3-83A0-1D69F0F5B172}.AppStore|x64.ActiveCfg = Release|Any CPU
		{F8971DBF-4C1F-48B3-83A0-1D69F0F5B172}.AppStore|x64.Build.0 = Release|Any CPU
		{F8971DBF-4C1F-48B3-83A0-1D69F0F5B172}.AppStore|x64.Deploy.0 = Release|Any CPU
		{F8971DBF-4C1F-48B3-83A0-1D69F0F5B172}.AppStore|x86.ActiveCfg = Release|Any CPU
		{F8971DBF-4C1F-48B3-83A0-1D69F0F5B172}.AppStore|x86.Build.0 = Release|Any CPU
		{F8971DBF-4C1F-48B3-83A0-1D69F0F5B172}.AppStore|x86.Deploy.0 = Release|Any CPU
		{F8971DBF-4C1F-48B3-83A0-1D69F0F5B172}.Debug|Any CPU.ActiveCfg = Debug|Any CPU
		{F8971DBF-4C1F-48B3-83A0-1D69F0F5B172}.Debug|Any CPU.Build.0 = Debug|Any CPU
		{F8971DBF-4C1F-48B3-83A0-1D69F0F5B172}.Debug|Any CPU.Deploy.0 = Debug|Any CPU
		{F8971DBF-4C1F-48B3-83A0-1D69F0F5B172}.Debug|ARM.ActiveCfg = Debug|Any CPU
		{F8971DBF-4C1F-48B3-83A0-1D69F0F5B172}.Debug|ARM.Build.0 = Debug|Any CPU
		{F8971DBF-4C1F-48B3-83A0-1D69F0F5B172}.Debug|ARM.Deploy.0 = Debug|Any CPU
		{F8971DBF-4C1F-48B3-83A0-1D69F0F5B172}.Debug|iPhone.ActiveCfg = Debug|Any CPU
		{F8971DBF-4C1F-48B3-83A0-1D69F0F5B172}.Debug|iPhone.Build.0 = Debug|Any CPU
		{F8971DBF-4C1F-48B3-83A0-1D69F0F5B172}.Debug|iPhone.Deploy.0 = Debug|Any CPU
		{F8971DBF-4C1F-48B3-83A0-1D69F0F5B172}.Debug|iPhoneSimulator.ActiveCfg = Debug|Any CPU
		{F8971DBF-4C1F-48B3-83A0-1D69F0F5B172}.Debug|iPhoneSimulator.Build.0 = Debug|Any CPU
		{F8971DBF-4C1F-48B3-83A0-1D69F0F5B172}.Debug|iPhoneSimulator.Deploy.0 = Debug|Any CPU
		{F8971DBF-4C1F-48B3-83A0-1D69F0F5B172}.Debug|x64.ActiveCfg = Debug|Any CPU
		{F8971DBF-4C1F-48B3-83A0-1D69F0F5B172}.Debug|x64.Build.0 = Debug|Any CPU
		{F8971DBF-4C1F-48B3-83A0-1D69F0F5B172}.Debug|x64.Deploy.0 = Debug|Any CPU
		{F8971DBF-4C1F-48B3-83A0-1D69F0F5B172}.Debug|x86.ActiveCfg = Debug|Any CPU
		{F8971DBF-4C1F-48B3-83A0-1D69F0F5B172}.Debug|x86.Build.0 = Debug|Any CPU
		{F8971DBF-4C1F-48B3-83A0-1D69F0F5B172}.Debug|x86.Deploy.0 = Debug|Any CPU
		{F8971DBF-4C1F-48B3-83A0-1D69F0F5B172}.Release|Any CPU.ActiveCfg = Release|Any CPU
		{F8971DBF-4C1F-48B3-83A0-1D69F0F5B172}.Release|Any CPU.Build.0 = Release|Any CPU
		{F8971DBF-4C1F-48B3-83A0-1D69F0F5B172}.Release|Any CPU.Deploy.0 = Release|Any CPU
		{F8971DBF-4C1F-48B3-83A0-1D69F0F5B172}.Release|ARM.ActiveCfg = Release|Any CPU
		{F8971DBF-4C1F-48B3-83A0-1D69F0F5B172}.Release|ARM.Build.0 = Release|Any CPU
		{F8971DBF-4C1F-48B3-83A0-1D69F0F5B172}.Release|ARM.Deploy.0 = Release|Any CPU
		{F8971DBF-4C1F-48B3-83A0-1D69F0F5B172}.Release|iPhone.ActiveCfg = Release|Any CPU
		{F8971DBF-4C1F-48B3-83A0-1D69F0F5B172}.Release|iPhone.Build.0 = Release|Any CPU
		{F8971DBF-4C1F-48B3-83A0-1D69F0F5B172}.Release|iPhone.Deploy.0 = Release|Any CPU
		{F8971DBF-4C1F-48B3-83A0-1D69F0F5B172}.Release|iPhoneSimulator.ActiveCfg = Release|Any CPU
		{F8971DBF-4C1F-48B3-83A0-1D69F0F5B172}.Release|iPhoneSimulator.Build.0 = Release|Any CPU
		{F8971DBF-4C1F-48B3-83A0-1D69F0F5B172}.Release|iPhoneSimulator.Deploy.0 = Release|Any CPU
		{F8971DBF-4C1F-48B3-83A0-1D69F0F5B172}.Release|x64.ActiveCfg = Release|Any CPU
		{F8971DBF-4C1F-48B3-83A0-1D69F0F5B172}.Release|x64.Build.0 = Release|Any CPU
		{F8971DBF-4C1F-48B3-83A0-1D69F0F5B172}.Release|x64.Deploy.0 = Release|Any CPU
		{F8971DBF-4C1F-48B3-83A0-1D69F0F5B172}.Release|x86.ActiveCfg = Release|Any CPU
		{F8971DBF-4C1F-48B3-83A0-1D69F0F5B172}.Release|x86.Build.0 = Release|Any CPU
		{F8971DBF-4C1F-48B3-83A0-1D69F0F5B172}.Release|x86.Deploy.0 = Release|Any CPU
		{A9435936-303D-42B3-B0F3-7545D2388C1B}.Ad-Hoc|Any CPU.ActiveCfg = Ad-Hoc|iPhone
		{A9435936-303D-42B3-B0F3-7545D2388C1B}.Ad-Hoc|Any CPU.Build.0 = Ad-Hoc|iPhone
		{A9435936-303D-42B3-B0F3-7545D2388C1B}.Ad-Hoc|Any CPU.Deploy.0 = Ad-Hoc|iPhone
		{A9435936-303D-42B3-B0F3-7545D2388C1B}.Ad-Hoc|ARM.ActiveCfg = Ad-Hoc|iPhone
		{A9435936-303D-42B3-B0F3-7545D2388C1B}.Ad-Hoc|ARM.Build.0 = Ad-Hoc|iPhone
		{A9435936-303D-42B3-B0F3-7545D2388C1B}.Ad-Hoc|ARM.Deploy.0 = Ad-Hoc|iPhone
		{A9435936-303D-42B3-B0F3-7545D2388C1B}.Ad-Hoc|iPhone.ActiveCfg = Ad-Hoc|iPhone
		{A9435936-303D-42B3-B0F3-7545D2388C1B}.Ad-Hoc|iPhone.Build.0 = Ad-Hoc|iPhone
		{A9435936-303D-42B3-B0F3-7545D2388C1B}.Ad-Hoc|iPhone.Deploy.0 = Ad-Hoc|iPhone
		{A9435936-303D-42B3-B0F3-7545D2388C1B}.Ad-Hoc|iPhoneSimulator.ActiveCfg = Ad-Hoc|iPhoneSimulator
		{A9435936-303D-42B3-B0F3-7545D2388C1B}.Ad-Hoc|iPhoneSimulator.Build.0 = Ad-Hoc|iPhoneSimulator
		{A9435936-303D-42B3-B0F3-7545D2388C1B}.Ad-Hoc|iPhoneSimulator.Deploy.0 = Ad-Hoc|iPhoneSimulator
		{A9435936-303D-42B3-B0F3-7545D2388C1B}.Ad-Hoc|x64.ActiveCfg = Ad-Hoc|iPhone
		{A9435936-303D-42B3-B0F3-7545D2388C1B}.Ad-Hoc|x64.Build.0 = Ad-Hoc|iPhone
		{A9435936-303D-42B3-B0F3-7545D2388C1B}.Ad-Hoc|x64.Deploy.0 = Ad-Hoc|iPhone
		{A9435936-303D-42B3-B0F3-7545D2388C1B}.Ad-Hoc|x86.ActiveCfg = Ad-Hoc|iPhone
		{A9435936-303D-42B3-B0F3-7545D2388C1B}.Ad-Hoc|x86.Build.0 = Ad-Hoc|iPhone
		{A9435936-303D-42B3-B0F3-7545D2388C1B}.Ad-Hoc|x86.Deploy.0 = Ad-Hoc|iPhone
		{A9435936-303D-42B3-B0F3-7545D2388C1B}.AppStore|Any CPU.ActiveCfg = AppStore|iPhone
		{A9435936-303D-42B3-B0F3-7545D2388C1B}.AppStore|Any CPU.Build.0 = AppStore|iPhone
		{A9435936-303D-42B3-B0F3-7545D2388C1B}.AppStore|Any CPU.Deploy.0 = AppStore|iPhone
		{A9435936-303D-42B3-B0F3-7545D2388C1B}.AppStore|ARM.ActiveCfg = AppStore|iPhone
		{A9435936-303D-42B3-B0F3-7545D2388C1B}.AppStore|ARM.Build.0 = AppStore|iPhone
		{A9435936-303D-42B3-B0F3-7545D2388C1B}.AppStore|ARM.Deploy.0 = AppStore|iPhone
		{A9435936-303D-42B3-B0F3-7545D2388C1B}.AppStore|iPhone.ActiveCfg = AppStore|iPhone
		{A9435936-303D-42B3-B0F3-7545D2388C1B}.AppStore|iPhone.Build.0 = AppStore|iPhone
		{A9435936-303D-42B3-B0F3-7545D2388C1B}.AppStore|iPhone.Deploy.0 = AppStore|iPhone
		{A9435936-303D-42B3-B0F3-7545D2388C1B}.AppStore|iPhoneSimulator.ActiveCfg = AppStore|iPhoneSimulator
		{A9435936-303D-42B3-B0F3-7545D2388C1B}.AppStore|iPhoneSimulator.Build.0 = AppStore|iPhoneSimulator
		{A9435936-303D-42B3-B0F3-7545D2388C1B}.AppStore|iPhoneSimulator.Deploy.0 = AppStore|iPhoneSimulator
		{A9435936-303D-42B3-B0F3-7545D2388C1B}.AppStore|x64.ActiveCfg = AppStore|iPhone
		{A9435936-303D-42B3-B0F3-7545D2388C1B}.AppStore|x64.Build.0 = AppStore|iPhone
		{A9435936-303D-42B3-B0F3-7545D2388C1B}.AppStore|x64.Deploy.0 = AppStore|iPhone
		{A9435936-303D-42B3-B0F3-7545D2388C1B}.AppStore|x86.ActiveCfg = AppStore|iPhone
		{A9435936-303D-42B3-B0F3-7545D2388C1B}.AppStore|x86.Build.0 = AppStore|iPhone
		{A9435936-303D-42B3-B0F3-7545D2388C1B}.AppStore|x86.Deploy.0 = AppStore|iPhone
		{A9435936-303D-42B3-B0F3-7545D2388C1B}.Debug|Any CPU.ActiveCfg = Debug|iPhoneSimulator
		{A9435936-303D-42B3-B0F3-7545D2388C1B}.Debug|Any CPU.Build.0 = Debug|iPhoneSimulator
		{A9435936-303D-42B3-B0F3-7545D2388C1B}.Debug|Any CPU.Deploy.0 = Debug|iPhoneSimulator
		{A9435936-303D-42B3-B0F3-7545D2388C1B}.Debug|ARM.ActiveCfg = Debug|iPhone
		{A9435936-303D-42B3-B0F3-7545D2388C1B}.Debug|ARM.Build.0 = Debug|iPhone
		{A9435936-303D-42B3-B0F3-7545D2388C1B}.Debug|ARM.Deploy.0 = Debug|iPhone
		{A9435936-303D-42B3-B0F3-7545D2388C1B}.Debug|iPhone.ActiveCfg = Debug|iPhone
		{A9435936-303D-42B3-B0F3-7545D2388C1B}.Debug|iPhone.Build.0 = Debug|iPhone
		{A9435936-303D-42B3-B0F3-7545D2388C1B}.Debug|iPhone.Deploy.0 = Debug|iPhone
		{A9435936-303D-42B3-B0F3-7545D2388C1B}.Debug|iPhoneSimulator.ActiveCfg = Debug|iPhoneSimulator
		{A9435936-303D-42B3-B0F3-7545D2388C1B}.Debug|iPhoneSimulator.Build.0 = Debug|iPhoneSimulator
		{A9435936-303D-42B3-B0F3-7545D2388C1B}.Debug|iPhoneSimulator.Deploy.0 = Debug|iPhoneSimulator
		{A9435936-303D-42B3-B0F3-7545D2388C1B}.Debug|x64.ActiveCfg = Debug|iPhone
		{A9435936-303D-42B3-B0F3-7545D2388C1B}.Debug|x64.Build.0 = Debug|iPhone
		{A9435936-303D-42B3-B0F3-7545D2388C1B}.Debug|x64.Deploy.0 = Debug|iPhone
		{A9435936-303D-42B3-B0F3-7545D2388C1B}.Debug|x86.ActiveCfg = Debug|iPhone
		{A9435936-303D-42B3-B0F3-7545D2388C1B}.Debug|x86.Build.0 = Debug|iPhone
		{A9435936-303D-42B3-B0F3-7545D2388C1B}.Debug|x86.Deploy.0 = Debug|iPhone
		{A9435936-303D-42B3-B0F3-7545D2388C1B}.Release|Any CPU.ActiveCfg = Release|iPhone
		{A9435936-303D-42B3-B0F3-7545D2388C1B}.Release|Any CPU.Build.0 = Release|iPhone
		{A9435936-303D-42B3-B0F3-7545D2388C1B}.Release|Any CPU.Deploy.0 = Release|iPhone
		{A9435936-303D-42B3-B0F3-7545D2388C1B}.Release|ARM.ActiveCfg = Release|iPhone
		{A9435936-303D-42B3-B0F3-7545D2388C1B}.Release|ARM.Build.0 = Release|iPhone
		{A9435936-303D-42B3-B0F3-7545D2388C1B}.Release|ARM.Deploy.0 = Release|iPhone
		{A9435936-303D-42B3-B0F3-7545D2388C1B}.Release|iPhone.ActiveCfg = Release|iPhone
		{A9435936-303D-42B3-B0F3-7545D2388C1B}.Release|iPhone.Build.0 = Release|iPhone
		{A9435936-303D-42B3-B0F3-7545D2388C1B}.Release|iPhone.Deploy.0 = Release|iPhone
		{A9435936-303D-42B3-B0F3-7545D2388C1B}.Release|iPhoneSimulator.ActiveCfg = Release|iPhoneSimulator
		{A9435936-303D-42B3-B0F3-7545D2388C1B}.Release|iPhoneSimulator.Build.0 = Release|iPhoneSimulator
		{A9435936-303D-42B3-B0F3-7545D2388C1B}.Release|iPhoneSimulator.Deploy.0 = Release|iPhoneSimulator
		{A9435936-303D-42B3-B0F3-7545D2388C1B}.Release|x64.ActiveCfg = Release|iPhone
		{A9435936-303D-42B3-B0F3-7545D2388C1B}.Release|x64.Build.0 = Release|iPhone
		{A9435936-303D-42B3-B0F3-7545D2388C1B}.Release|x64.Deploy.0 = Release|iPhone
		{A9435936-303D-42B3-B0F3-7545D2388C1B}.Release|x86.ActiveCfg = Release|iPhone
		{A9435936-303D-42B3-B0F3-7545D2388C1B}.Release|x86.Build.0 = Release|iPhone
		{A9435936-303D-42B3-B0F3-7545D2388C1B}.Release|x86.Deploy.0 = Release|iPhone
		{FD4D1A57-1D68-45BA-A3BA-D1C78B7695DB}.Ad-Hoc|Any CPU.ActiveCfg = Release|x86
		{FD4D1A57-1D68-45BA-A3BA-D1C78B7695DB}.Ad-Hoc|Any CPU.Build.0 = Release|x86
		{FD4D1A57-1D68-45BA-A3BA-D1C78B7695DB}.Ad-Hoc|Any CPU.Deploy.0 = Release|x86
		{FD4D1A57-1D68-45BA-A3BA-D1C78B7695DB}.Ad-Hoc|ARM.ActiveCfg = Release|ARM
		{FD4D1A57-1D68-45BA-A3BA-D1C78B7695DB}.Ad-Hoc|ARM.Build.0 = Release|ARM
		{FD4D1A57-1D68-45BA-A3BA-D1C78B7695DB}.Ad-Hoc|ARM.Deploy.0 = Release|ARM
		{FD4D1A57-1D68-45BA-A3BA-D1C78B7695DB}.Ad-Hoc|iPhone.ActiveCfg = Release|x86
		{FD4D1A57-1D68-45BA-A3BA-D1C78B7695DB}.Ad-Hoc|iPhone.Build.0 = Release|x86
		{FD4D1A57-1D68-45BA-A3BA-D1C78B7695DB}.Ad-Hoc|iPhone.Deploy.0 = Release|x86
		{FD4D1A57-1D68-45BA-A3BA-D1C78B7695DB}.Ad-Hoc|iPhoneSimulator.ActiveCfg = Release|x86
		{FD4D1A57-1D68-45BA-A3BA-D1C78B7695DB}.Ad-Hoc|iPhoneSimulator.Build.0 = Release|x86
		{FD4D1A57-1D68-45BA-A3BA-D1C78B7695DB}.Ad-Hoc|iPhoneSimulator.Deploy.0 = Release|x86
		{FD4D1A57-1D68-45BA-A3BA-D1C78B7695DB}.Ad-Hoc|x64.ActiveCfg = Release|x64
		{FD4D1A57-1D68-45BA-A3BA-D1C78B7695DB}.Ad-Hoc|x64.Build.0 = Release|x64
		{FD4D1A57-1D68-45BA-A3BA-D1C78B7695DB}.Ad-Hoc|x64.Deploy.0 = Release|x64
		{FD4D1A57-1D68-45BA-A3BA-D1C78B7695DB}.Ad-Hoc|x86.ActiveCfg = Release|x86
		{FD4D1A57-1D68-45BA-A3BA-D1C78B7695DB}.Ad-Hoc|x86.Build.0 = Release|x86
		{FD4D1A57-1D68-45BA-A3BA-D1C78B7695DB}.Ad-Hoc|x86.Deploy.0 = Release|x86
		{FD4D1A57-1D68-45BA-A3BA-D1C78B7695DB}.AppStore|Any CPU.ActiveCfg = Release|x86
		{FD4D1A57-1D68-45BA-A3BA-D1C78B7695DB}.AppStore|Any CPU.Build.0 = Release|x86
		{FD4D1A57-1D68-45BA-A3BA-D1C78B7695DB}.AppStore|Any CPU.Deploy.0 = Release|x86
		{FD4D1A57-1D68-45BA-A3BA-D1C78B7695DB}.AppStore|ARM.ActiveCfg = Release|ARM
		{FD4D1A57-1D68-45BA-A3BA-D1C78B7695DB}.AppStore|ARM.Build.0 = Release|ARM
		{FD4D1A57-1D68-45BA-A3BA-D1C78B7695DB}.AppStore|ARM.Deploy.0 = Release|ARM
		{FD4D1A57-1D68-45BA-A3BA-D1C78B7695DB}.AppStore|iPhone.ActiveCfg = Release|x86
		{FD4D1A57-1D68-45BA-A3BA-D1C78B7695DB}.AppStore|iPhone.Build.0 = Release|x86
		{FD4D1A57-1D68-45BA-A3BA-D1C78B7695DB}.AppStore|iPhone.Deploy.0 = Release|x86
		{FD4D1A57-1D68-45BA-A3BA-D1C78B7695DB}.AppStore|iPhoneSimulator.ActiveCfg = Release|x86
		{FD4D1A57-1D68-45BA-A3BA-D1C78B7695DB}.AppStore|iPhoneSimulator.Build.0 = Release|x86
		{FD4D1A57-1D68-45BA-A3BA-D1C78B7695DB}.AppStore|iPhoneSimulator.Deploy.0 = Release|x86
		{FD4D1A57-1D68-45BA-A3BA-D1C78B7695DB}.AppStore|x64.ActiveCfg = Release|x64
		{FD4D1A57-1D68-45BA-A3BA-D1C78B7695DB}.AppStore|x64.Build.0 = Release|x64
		{FD4D1A57-1D68-45BA-A3BA-D1C78B7695DB}.AppStore|x64.Deploy.0 = Release|x64
		{FD4D1A57-1D68-45BA-A3BA-D1C78B7695DB}.AppStore|x86.ActiveCfg = Release|x86
		{FD4D1A57-1D68-45BA-A3BA-D1C78B7695DB}.AppStore|x86.Build.0 = Release|x86
		{FD4D1A57-1D68-45BA-A3BA-D1C78B7695DB}.AppStore|x86.Deploy.0 = Release|x86
		{FD4D1A57-1D68-45BA-A3BA-D1C78B7695DB}.Debug|Any CPU.ActiveCfg = Debug|x86
		{FD4D1A57-1D68-45BA-A3BA-D1C78B7695DB}.Debug|Any CPU.Build.0 = Debug|x86
		{FD4D1A57-1D68-45BA-A3BA-D1C78B7695DB}.Debug|Any CPU.Deploy.0 = Debug|x86
		{FD4D1A57-1D68-45BA-A3BA-D1C78B7695DB}.Debug|ARM.ActiveCfg = Debug|ARM
		{FD4D1A57-1D68-45BA-A3BA-D1C78B7695DB}.Debug|ARM.Build.0 = Debug|ARM
		{FD4D1A57-1D68-45BA-A3BA-D1C78B7695DB}.Debug|ARM.Deploy.0 = Debug|ARM
		{FD4D1A57-1D68-45BA-A3BA-D1C78B7695DB}.Debug|iPhone.ActiveCfg = Debug|x86
		{FD4D1A57-1D68-45BA-A3BA-D1C78B7695DB}.Debug|iPhone.Build.0 = Debug|x86
		{FD4D1A57-1D68-45BA-A3BA-D1C78B7695DB}.Debug|iPhone.Deploy.0 = Debug|x86
		{FD4D1A57-1D68-45BA-A3BA-D1C78B7695DB}.Debug|iPhoneSimulator.ActiveCfg = Debug|x86
		{FD4D1A57-1D68-45BA-A3BA-D1C78B7695DB}.Debug|iPhoneSimulator.Build.0 = Debug|x86
		{FD4D1A57-1D68-45BA-A3BA-D1C78B7695DB}.Debug|iPhoneSimulator.Deploy.0 = Debug|x86
		{FD4D1A57-1D68-45BA-A3BA-D1C78B7695DB}.Debug|x64.ActiveCfg = Debug|x64
		{FD4D1A57-1D68-45BA-A3BA-D1C78B7695DB}.Debug|x64.Build.0 = Debug|x64
		{FD4D1A57-1D68-45BA-A3BA-D1C78B7695DB}.Debug|x64.Deploy.0 = Debug|x64
		{FD4D1A57-1D68-45BA-A3BA-D1C78B7695DB}.Debug|x86.ActiveCfg = Debug|x86
		{FD4D1A57-1D68-45BA-A3BA-D1C78B7695DB}.Debug|x86.Build.0 = Debug|x86
		{FD4D1A57-1D68-45BA-A3BA-D1C78B7695DB}.Debug|x86.Deploy.0 = Debug|x86
		{FD4D1A57-1D68-45BA-A3BA-D1C78B7695DB}.Release|Any CPU.ActiveCfg = Release|x86
		{FD4D1A57-1D68-45BA-A3BA-D1C78B7695DB}.Release|Any CPU.Build.0 = Release|x86
		{FD4D1A57-1D68-45BA-A3BA-D1C78B7695DB}.Release|Any CPU.Deploy.0 = Release|x86
		{FD4D1A57-1D68-45BA-A3BA-D1C78B7695DB}.Release|ARM.ActiveCfg = Release|ARM
		{FD4D1A57-1D68-45BA-A3BA-D1C78B7695DB}.Release|ARM.Build.0 = Release|ARM
		{FD4D1A57-1D68-45BA-A3BA-D1C78B7695DB}.Release|ARM.Deploy.0 = Release|ARM
		{FD4D1A57-1D68-45BA-A3BA-D1C78B7695DB}.Release|iPhone.ActiveCfg = Release|x86
		{FD4D1A57-1D68-45BA-A3BA-D1C78B7695DB}.Release|iPhone.Build.0 = Release|x86
		{FD4D1A57-1D68-45BA-A3BA-D1C78B7695DB}.Release|iPhone.Deploy.0 = Release|x86
		{FD4D1A57-1D68-45BA-A3BA-D1C78B7695DB}.Release|iPhoneSimulator.ActiveCfg = Release|x86
		{FD4D1A57-1D68-45BA-A3BA-D1C78B7695DB}.Release|iPhoneSimulator.Build.0 = Release|x86
		{FD4D1A57-1D68-45BA-A3BA-D1C78B7695DB}.Release|iPhoneSimulator.Deploy.0 = Release|x86
		{FD4D1A57-1D68-45BA-A3BA-D1C78B7695DB}.Release|x64.ActiveCfg = Release|x64
		{FD4D1A57-1D68-45BA-A3BA-D1C78B7695DB}.Release|x64.Build.0 = Release|x64
		{FD4D1A57-1D68-45BA-A3BA-D1C78B7695DB}.Release|x64.Deploy.0 = Release|x64
		{FD4D1A57-1D68-45BA-A3BA-D1C78B7695DB}.Release|x86.ActiveCfg = Release|x86
		{FD4D1A57-1D68-45BA-A3BA-D1C78B7695DB}.Release|x86.Build.0 = Release|x86
		{FD4D1A57-1D68-45BA-A3BA-D1C78B7695DB}.Release|x86.Deploy.0 = Release|x86
		{62235921-5F53-4D95-A015-E034E8680AEF}.Ad-Hoc|Any CPU.ActiveCfg = Debug|Any CPU
		{62235921-5F53-4D95-A015-E034E8680AEF}.Ad-Hoc|Any CPU.Build.0 = Debug|Any CPU
		{62235921-5F53-4D95-A015-E034E8680AEF}.Ad-Hoc|Any CPU.Deploy.0 = Debug|Any CPU
		{62235921-5F53-4D95-A015-E034E8680AEF}.Ad-Hoc|ARM.ActiveCfg = Debug|Any CPU
		{62235921-5F53-4D95-A015-E034E8680AEF}.Ad-Hoc|ARM.Build.0 = Debug|Any CPU
		{62235921-5F53-4D95-A015-E034E8680AEF}.Ad-Hoc|ARM.Deploy.0 = Debug|Any CPU
		{62235921-5F53-4D95-A015-E034E8680AEF}.Ad-Hoc|iPhone.ActiveCfg = Debug|Any CPU
		{62235921-5F53-4D95-A015-E034E8680AEF}.Ad-Hoc|iPhone.Build.0 = Debug|Any CPU
		{62235921-5F53-4D95-A015-E034E8680AEF}.Ad-Hoc|iPhone.Deploy.0 = Debug|Any CPU
		{62235921-5F53-4D95-A015-E034E8680AEF}.Ad-Hoc|iPhoneSimulator.ActiveCfg = Debug|Any CPU
		{62235921-5F53-4D95-A015-E034E8680AEF}.Ad-Hoc|iPhoneSimulator.Build.0 = Debug|Any CPU
		{62235921-5F53-4D95-A015-E034E8680AEF}.Ad-Hoc|iPhoneSimulator.Deploy.0 = Debug|Any CPU
		{62235921-5F53-4D95-A015-E034E8680AEF}.Ad-Hoc|x64.ActiveCfg = Debug|Any CPU
		{62235921-5F53-4D95-A015-E034E8680AEF}.Ad-Hoc|x64.Build.0 = Debug|Any CPU
		{62235921-5F53-4D95-A015-E034E8680AEF}.Ad-Hoc|x64.Deploy.0 = Debug|Any CPU
		{62235921-5F53-4D95-A015-E034E8680AEF}.Ad-Hoc|x86.ActiveCfg = Debug|Any CPU
		{62235921-5F53-4D95-A015-E034E8680AEF}.Ad-Hoc|x86.Build.0 = Debug|Any CPU
		{62235921-5F53-4D95-A015-E034E8680AEF}.Ad-Hoc|x86.Deploy.0 = Debug|Any CPU
		{62235921-5F53-4D95-A015-E034E8680AEF}.AppStore|Any CPU.ActiveCfg = Debug|Any CPU
		{62235921-5F53-4D95-A015-E034E8680AEF}.AppStore|Any CPU.Build.0 = Debug|Any CPU
		{62235921-5F53-4D95-A015-E034E8680AEF}.AppStore|Any CPU.Deploy.0 = Debug|Any CPU
		{62235921-5F53-4D95-A015-E034E8680AEF}.AppStore|ARM.ActiveCfg = Debug|Any CPU
		{62235921-5F53-4D95-A015-E034E8680AEF}.AppStore|ARM.Build.0 = Debug|Any CPU
		{62235921-5F53-4D95-A015-E034E8680AEF}.AppStore|ARM.Deploy.0 = Debug|Any CPU
		{62235921-5F53-4D95-A015-E034E8680AEF}.AppStore|iPhone.ActiveCfg = Debug|Any CPU
		{62235921-5F53-4D95-A015-E034E8680AEF}.AppStore|iPhone.Build.0 = Debug|Any CPU
		{62235921-5F53-4D95-A015-E034E8680AEF}.AppStore|iPhone.Deploy.0 = Debug|Any CPU
		{62235921-5F53-4D95-A015-E034E8680AEF}.AppStore|iPhoneSimulator.ActiveCfg = Debug|Any CPU
		{62235921-5F53-4D95-A015-E034E8680AEF}.AppStore|iPhoneSimulator.Build.0 = Debug|Any CPU
		{62235921-5F53-4D95-A015-E034E8680AEF}.AppStore|iPhoneSimulator.Deploy.0 = Debug|Any CPU
		{62235921-5F53-4D95-A015-E034E8680AEF}.AppStore|x64.ActiveCfg = Debug|Any CPU
		{62235921-5F53-4D95-A015-E034E8680AEF}.AppStore|x64.Build.0 = Debug|Any CPU
		{62235921-5F53-4D95-A015-E034E8680AEF}.AppStore|x64.Deploy.0 = Debug|Any CPU
		{62235921-5F53-4D95-A015-E034E8680AEF}.AppStore|x86.ActiveCfg = Debug|Any CPU
		{62235921-5F53-4D95-A015-E034E8680AEF}.AppStore|x86.Build.0 = Debug|Any CPU
		{62235921-5F53-4D95-A015-E034E8680AEF}.AppStore|x86.Deploy.0 = Debug|Any CPU
		{62235921-5F53-4D95-A015-E034E8680AEF}.Debug|Any CPU.ActiveCfg = Debug|Any CPU
		{62235921-5F53-4D95-A015-E034E8680AEF}.Debug|Any CPU.Build.0 = Debug|Any CPU
		{62235921-5F53-4D95-A015-E034E8680AEF}.Debug|Any CPU.Deploy.0 = Debug|Any CPU
		{62235921-5F53-4D95-A015-E034E8680AEF}.Debug|ARM.ActiveCfg = Debug|Any CPU
		{62235921-5F53-4D95-A015-E034E8680AEF}.Debug|ARM.Build.0 = Debug|Any CPU
		{62235921-5F53-4D95-A015-E034E8680AEF}.Debug|ARM.Deploy.0 = Debug|Any CPU
		{62235921-5F53-4D95-A015-E034E8680AEF}.Debug|iPhone.ActiveCfg = Debug|Any CPU
		{62235921-5F53-4D95-A015-E034E8680AEF}.Debug|iPhone.Build.0 = Debug|Any CPU
		{62235921-5F53-4D95-A015-E034E8680AEF}.Debug|iPhone.Deploy.0 = Debug|Any CPU
		{62235921-5F53-4D95-A015-E034E8680AEF}.Debug|iPhoneSimulator.ActiveCfg = Debug|Any CPU
		{62235921-5F53-4D95-A015-E034E8680AEF}.Debug|iPhoneSimulator.Build.0 = Debug|Any CPU
		{62235921-5F53-4D95-A015-E034E8680AEF}.Debug|iPhoneSimulator.Deploy.0 = Debug|Any CPU
		{62235921-5F53-4D95-A015-E034E8680AEF}.Debug|x64.ActiveCfg = Debug|Any CPU
		{62235921-5F53-4D95-A015-E034E8680AEF}.Debug|x64.Build.0 = Debug|Any CPU
		{62235921-5F53-4D95-A015-E034E8680AEF}.Debug|x64.Deploy.0 = Debug|Any CPU
		{62235921-5F53-4D95-A015-E034E8680AEF}.Debug|x86.ActiveCfg = Debug|Any CPU
		{62235921-5F53-4D95-A015-E034E8680AEF}.Debug|x86.Build.0 = Debug|Any CPU
		{62235921-5F53-4D95-A015-E034E8680AEF}.Debug|x86.Deploy.0 = Debug|Any CPU
		{62235921-5F53-4D95-A015-E034E8680AEF}.Release|Any CPU.ActiveCfg = Release|Any CPU
		{62235921-5F53-4D95-A015-E034E8680AEF}.Release|Any CPU.Build.0 = Release|Any CPU
		{62235921-5F53-4D95-A015-E034E8680AEF}.Release|Any CPU.Deploy.0 = Release|Any CPU
		{62235921-5F53-4D95-A015-E034E8680AEF}.Release|ARM.ActiveCfg = Release|Any CPU
		{62235921-5F53-4D95-A015-E034E8680AEF}.Release|ARM.Build.0 = Release|Any CPU
		{62235921-5F53-4D95-A015-E034E8680AEF}.Release|ARM.Deploy.0 = Release|Any CPU
		{62235921-5F53-4D95-A015-E034E8680AEF}.Release|iPhone.ActiveCfg = Release|Any CPU
		{62235921-5F53-4D95-A015-E034E8680AEF}.Release|iPhone.Build.0 = Release|Any CPU
		{62235921-5F53-4D95-A015-E034E8680AEF}.Release|iPhone.Deploy.0 = Release|Any CPU
		{62235921-5F53-4D95-A015-E034E8680AEF}.Release|iPhoneSimulator.ActiveCfg = Release|Any CPU
		{62235921-5F53-4D95-A015-E034E8680AEF}.Release|iPhoneSimulator.Build.0 = Release|Any CPU
		{62235921-5F53-4D95-A015-E034E8680AEF}.Release|iPhoneSimulator.Deploy.0 = Release|Any CPU
		{62235921-5F53-4D95-A015-E034E8680AEF}.Release|x64.ActiveCfg = Release|Any CPU
		{62235921-5F53-4D95-A015-E034E8680AEF}.Release|x64.Build.0 = Release|Any CPU
		{62235921-5F53-4D95-A015-E034E8680AEF}.Release|x64.Deploy.0 = Release|Any CPU
		{62235921-5F53-4D95-A015-E034E8680AEF}.Release|x86.ActiveCfg = Release|Any CPU
		{62235921-5F53-4D95-A015-E034E8680AEF}.Release|x86.Build.0 = Release|Any CPU
		{62235921-5F53-4D95-A015-E034E8680AEF}.Release|x86.Deploy.0 = Release|Any CPU
	EndGlobalSection
	GlobalSection(SolutionProperties) = preSolution
		HideSolutionNode = FALSE
	EndGlobalSection
	GlobalSection(ExtensibilityGlobals) = postSolution
		SolutionGuid = {9CC6248F-F465-44EC-BEE7-280672DCDF4D}
	EndGlobalSection
EndGlobal
